
Microsoft Visual Studio Solution File, Format Version 12.00
# Visual Studio Version 16
VisualStudioVersion = 16.0.31424.327
MinimumVisualStudioVersion = 10.0.40219.1
Project("{FAE04EC0-301F-11D3-BF4B-00C04F79EFBC}") = "gradution", "gradution\gradution.csproj", "{B5E4D89C-75A3-414C-BA97-9492049300A9}"
EndProject
Global
	GlobalSection(SolutionConfigurationPlatforms) = preSolution
		Debug|Any CPU = Debug|Any CPU
		Release|Any CPU = Release|Any CPU
	EndGlobalSection
	GlobalSection(ProjectConfigurationPlatforms) = postSolution
		{B5E4D89C-75A3-414C-BA97-9492049300A9}.Debug|Any CPU.ActiveCfg = Debug|Any CPU
		{B5E4D89C-75A3-414C-BA97-9492049300A9}.Debug|Any CPU.Build.0 = Debug|Any CPU
		{B5E4D89C-75A3-414C-BA97-9492049300A9}.Release|Any CPU.ActiveCfg = Release|Any CPU
		{B5E4D89C-75A3-414C-BA97-9492049300A9}.Release|Any CPU.Build.0 = Release|Any CPU
	EndGlobalSection
	GlobalSection(SolutionProperties) = preSolution
		HideSolutionNode = FALSE
	EndGlobalSection
	GlobalSection(ExtensibilityGlobals) = postSolution
		SolutionGuid = {3DDC88C9-F91E-46DA-B32C-5CE38C5297F4}
	EndGlobalSection
EndGlobal
